// !$*UTF8*$!
{
	archiveVersion = 1;
	classes = {
	};
	objectVersion = 50;
	objects = {

/* Begin PBXBuildFile section */
		ECDDD67825C30DF30099F39E /* AppDelegate.swift in Sources */ = {isa = PBXBuildFile; fileRef = ECDDD67725C30DF30099F39E /* AppDelegate.swift */; };
		ECDDD67A25C30DF30099F39E /* SceneDelegate.swift in Sources */ = {isa = PBXBuildFile; fileRef = ECDDD67925C30DF30099F39E /* SceneDelegate.swift */; };
		ECDDD67C25C30DF30099F39E /* ViewController.swift in Sources */ = {isa = PBXBuildFile; fileRef = ECDDD67B25C30DF30099F39E /* ViewController.swift */; };
		ECDDD67F25C30DF30099F39E /* Main.storyboard in Resources */ = {isa = PBXBuildFile; fileRef = ECDDD67D25C30DF30099F39E /* Main.storyboard */; };
		ECDDD68125C30DF40099F39E /* Assets.xcassets in Resources */ = {isa = PBXBuildFile; fileRef = ECDDD68025C30DF40099F39E /* Assets.xcassets */; };
		ECDDD68425C30DF40099F39E /* LaunchScreen.storyboard in Resources */ = {isa = PBXBuildFile; fileRef = ECDDD68225C30DF40099F39E /* LaunchScreen.storyboard */; };
/* End PBXBuildFile section */

/* Begin PBXFileReference section */
		ECDDD67425C30DF30099F39E /* FileManagerExtension.app */ = {isa = PBXFileReference; explicitFileType = wrapper.application; includeInIndex = 0; path = FileManagerExtension.app; sourceTree = BUILT_PRODUCTS_DIR; };
		ECDDD67725C30DF30099F39E /* AppDelegate.swift */ = {isa = PBXFileReference; lastKnownFileType = sourcecode.swift; path = AppDelegate.swift; sourceTree = "<group>"; };
		ECDDD67925C30DF30099F39E /* SceneDelegate.swift */ = {isa = PBXFileReference; lastKnownFileType = sourcecode.swift; path = SceneDelegate.swift; sourceTree = "<group>"; };
		ECDDD67B25C30DF30099F39E /* ViewController.swift */ = {isa = PBXFileReference; lastKnownFileType = sourcecode.swift; path = ViewController.swift; sourceTree = "<group>"; };
		ECDDD67E25C30DF30099F39E /* Base */ = {isa = PBXFileReference; lastKnownFileType = file.storyboard; name = Base; path = Base.lproj/Main.storyboard; sourceTree = "<group>"; };
		ECDDD68025C30DF40099F39E /* Assets.xcassets */ = {isa = PBXFileReference; lastKnownFileType = folder.assetcatalog; path = Assets.xcassets; sourceTree = "<group>"; };
		ECDDD68325C30DF40099F39E /* Base */ = {isa = PBXFileReference; lastKnownFileType = file.storyboard; name = Base; path = Base.lproj/LaunchScreen.storyboard; sourceTree = "<group>"; };
		ECDDD68525C30DF40099F39E /* Info.plist */ = {isa = PBXFileReference; lastKnownFileType = text.plist.xml; path = Info.plist; sourceTree = "<group>"; };
/* End PBXFileReference section */

/* Begin PBXFrameworksBuildPhase section */
		ECDDD67125C30DF30099F39E /* Frameworks */ = {
			isa = PBXFrameworksBuildPhase;
			buildActionMask = 2147483647;
			files = (
			);
			runOnlyForDeploymentPostprocessing = 0;
		};
/* End PBXFrameworksBuildPhase section */

/* Begin PBXGroup section */
		ECDDD66B25C30DF20099F39E = {
			isa = PBXGroup;
			children = (
				ECDDD67625C30DF30099F39E /* FileManagerExtension */,
				ECDDD67525C30DF30099F39E /* Products */,
			);
			sourceTree = "<group>";
		};
		ECDDD67525C30DF30099F39E /* Products */ = {
			isa = PBXGroup;
			children = (
				ECDDD67425C30DF30099F39E /* FileManagerExtension.app */,
			);
			name = Products;
			sourceTree = "<group>";
		};
		ECDDD67625C30DF30099F39E /* FileManagerExtension */ = {
			isa = PBXGroup;
			children = (
				ECDDD67725C30DF30099F39E /* AppDelegate.swift */,
				ECDDD67925C30DF30099F39E /* SceneDelegate.swift */,
				ECDDD67B25C30DF30099F39E /* ViewController.swift */,
				ECDDD67D25C30DF30099F39E /* Main.storyboard */,
				ECDDD68025C30DF40099F39E /* Assets.xcassets */,
				ECDDD68225C30DF40099F39E /* LaunchScreen.storyboard */,
				ECDDD68525C30DF40099F39E /* Info.plist */,
			);
			path = FileManagerExtension;
			sourceTree = "<group>";
		};
/* End PBXGroup section */

/* Begin PBXNativeTarget section */
		ECDDD67325C30DF30099F39E /* FileManagerExtension */ = {
			isa = PBXNativeTarget;
			buildConfigurationList = ECDDD68825C30DF40099F39E /* Build configuration list for PBXNativeTarget "FileManagerExtension" */;
			buildPhases = (
				ECDDD67025C30DF30099F39E /* Sources */,
				ECDDD67125C30DF30099F39E /* Frameworks */,
				ECDDD67225C30DF30099F39E /* Resources */,
			);
			buildRules = (
			);
			dependencies = (
			);
			name = FileManagerExtension;
			productName = FileManagerExtension;
			productReference = ECDDD67425C30DF30099F39E /* FileManagerExtension.app */;
			productType = "com.apple.product-type.application";
		};
/* End PBXNativeTarget section */

/* Begin PBXProject section */
		ECDDD66C25C30DF20099F39E /* Project object */ = {
			isa = PBXProject;
			attributes = {
				LastSwiftUpdateCheck = 1150;
				LastUpgradeCheck = 1150;
				ORGANIZATIONNAME = com.zhenghong;
				TargetAttributes = {
					ECDDD67325C30DF30099F39E = {
						CreatedOnToolsVersion = 11.5;
					};
				};
			};
			buildConfigurationList = ECDDD66F25C30DF30099F39E /* Build configuration list for PBXProject "FileManagerExtension" */;
			compatibilityVersion = "Xcode 9.3";
			developmentRegion = en;
			hasScannedForEncodings = 0;
			knownRegions = (
				en,
				Base,
			);
			mainGroup = ECDDD66B25C30DF20099F39E;
			productRefGroup = ECDDD67525C30DF30099F39E /* Products */;
			projectDirPath = "";
			projectRoot = "";
			targets = (
				ECDDD67325C30DF30099F39E /* FileManagerExtension */,
			);
		};
/* End PBXProject section */

/* Begin PBXResourcesBuildPhase section */
		ECDDD67225C30DF30099F39E /* Resources */ = {
			isa = PBXResourcesBuildPhase;
			buildActionMask = 2147483647;
			files = (
				ECDDD68425C30DF40099F39E /* LaunchScreen.storyboard in Resources */,
				ECDDD68125C30DF40099F39E /* Assets.xcassets in Resources */,
				ECDDD67F25C30DF30099F39E /* Main.storyboard in Resources */,
			);
			runOnlyForDeploymentPostprocessing = 0;
		};
/* End PBXResourcesBuildPhase section */

/* Begin PBXSourcesBuildPhase section */
		ECDDD67025C30DF30099F39E /* Sources */ = {
			isa = PBXSourcesBuildPhase;
			buildActionMask = 2147483647;
			files = (
				ECDDD67C25C30DF30099F39E /* ViewController.swift in Sources */,
				ECDDD67825C30DF30099F39E /* AppDelegate.swift in Sources */,
				ECDDD67A25C30DF30099F39E /* SceneDelegate.swift in Sources */,
			);
			runOnlyForDeploymentPostprocessing = 0;
		};
/* End PBXSourcesBuildPhase section */

/* Begin PBXVariantGroup section */
		ECDDD67D25C30DF30099F39E /* Main.storyboard */ = {
			isa = PBXVariantGroup;
			children = (
				ECDDD67E25C30DF30099F39E /* Base */,
			);
			name = Main.storyboard;
			sourceTree = "<group>";
		};
		ECDDD68225C30DF40099F39E /* LaunchScreen.storyboard */ = {
			isa = PBXVariantGroup;
			children = (
				ECDDD68325C30DF40099F39E /* Base */,
			);
			name = LaunchScreen.storyboard;
			sourceTree = "<group>";
		};
/* End PBXVariantGroup section */

/* Begin XCBuildConfiguration section */
		ECDDD68625C30DF40099F39E /* Debug */ = {
			isa = XCBuildConfiguration;
			buildSettings = {
				ALWAYS_SEARCH_USER_PATHS = NO;
				CLANG_ANALYZER_NONNULL = YES;
				CLANG_ANALYZER_NUMBER_OBJECT_CONVERSION = YES_AGGRESSIVE;
				CLANG_CXX_LANGUAGE_STANDARD = "gnu++14";
				CLANG_CXX_LIBRARY = "libc++";
				CLANG_ENABLE_MODULES = YES;
				CLANG_ENABLE_OBJC_ARC = YES;
				CLANG_ENABLE_OBJC_WEAK = YES;
				CLANG_WARN_BLOCK_CAPTURE_AUTORELEASING = YES;
				CLANG_WARN_BOOL_CONVERSION = YES;
				CLANG_WARN_COMMA = YES;
				CLANG_WARN_CONSTANT_CONVERSION = YES;
				CLANG_WARN_DEPRECATED_OBJC_IMPLEMENTATIONS = YES;
				CLANG_WARN_DIRECT_OBJC_ISA_USAGE = YES_ERROR;
				CLANG_WARN_DOCUMENTATION_COMMENTS = YES;
				CLANG_WARN_EMPTY_BODY = YES;
				CLANG_WARN_ENUM_CONVERSION = YES;
				CLANG_WARN_INFINITE_RECURSION = YES;
				CLANG_WARN_INT_CONVERSION = YES;
				CLANG_WARN_NON_LITERAL_NULL_CONVERSION = YES;
				CLANG_WARN_OBJC_IMPLICIT_RETAIN_SELF = YES;
				CLANG_WARN_OBJC_LITERAL_CONVERSION = YES;
				CLANG_WARN_OBJC_ROOT_CLASS = YES_ERROR;
				CLANG_WARN_RANGE_LOOP_ANALYSIS = YES;
				CLANG_WARN_STRICT_PROTOTYPES = YES;
				CLANG_WARN_SUSPICIOUS_MOVE = YES;
				CLANG_WARN_UNGUARDED_AVAILABILITY = YES_AGGRESSIVE;
				CLANG_WARN_UNREACHABLE_CODE = YES;
				CLANG_WARN__DUPLICATE_METHOD_MATCH = YES;
				COPY_PHASE_STRIP = NO;
				DEBUG_INFORMATION_FORMAT = dwarf;
				ENABLE_STRICT_OBJC_MSGSEND = YES;
				ENABLE_TESTABILITY = YES;
				GCC_C_LANGUAGE_STANDARD = gnu11;
				GCC_DYNAMIC_NO_PIC = NO;
				GCC_NO_COMMON_BLOCKS = YES;
				GCC_OPTIMIZATION_LEVEL = 0;
				GCC_PREPROCESSOR_DEFINITIONS = (
					"DEBUG=1",
					"$(inherited)",
				);
				GCC_WARN_64_TO_32_BIT_CONVERSION = YES;
				GCC_WARN_ABOUT_RETURN_TYPE = YES_ERROR;
				GCC_WARN_UNDECLARED_SELECTOR = YES;
				GCC_WARN_UNINITIALIZED_AUTOS = YES_AGGRESSIVE;
				GCC_WARN_UNUSED_FUNCTION = YES;
				GCC_WARN_UNUSED_VARIABLE = YES;
				IPHONEOS_DEPLOYMENT_TARGET = 13.5;
				MTL_ENABLE_DEBUG_INFO = INCLUDE_SOURCE;
				MTL_FAST_MATH = YES;
				ONLY_ACTIVE_ARCH = YES;
				SDKROOT = iphoneos;
				SWIFT_ACTIVE_COMPILATION_CONDITIONS = DEBUG;
				SWIFT_OPTIMIZATION_LEVEL = "-Onone";
			};
			name = Debug;
		};
		ECDDD68725C30DF40099F39E /* Release */ = {
			isa = XCBuildConfiguration;
			buildSettings = {
				ALWAYS_SEARCH_USER_PATHS = NO;
				CLANG_ANALYZER_NONNULL = YES;
				CLANG_ANALYZER_NUMBER_OBJECT_CONVERSION = YES_AGGRESSIVE;
				CLANG_CXX_LANGUAGE_STANDARD = "gnu++14";
				CLANG_CXX_LIBRARY = "libc++";
				CLANG_ENABLE_MODULES = YES;
				CLANG_ENABLE_OBJC_ARC = YES;
				CLANG_ENABLE_OBJC_WEAK = YES;
				CLANG_WARN_BLOCK_CAPTURE_AUTORELEASING = YES;
				CLANG_WARN_BOOL_CONVERSION = YES;
				CLANG_WARN_COMMA = YES;
				CLANG_WARN_CONSTANT_CONVERSION = YES;
				CLANG_WARN_DEPRECATED_OBJC_IMPLEMENTATIONS = YES;
				CLANG_WARN_DIRECT_OBJC_ISA_USAGE = YES_ERROR;
				CLANG_WARN_DOCUMENTATION_COMMENTS = YES;
				CLANG_WARN_EMPTY_BODY = YES;
				CLANG_WARN_ENUM_CONVERSION = YES;
				CLANG_WARN_INFINITE_RECURSION = YES;
				CLANG_WARN_INT_CONVERSION = YES;
				CLANG_WARN_NON_LITERAL_NULL_CONVERSION = YES;
				CLANG_WARN_OBJC_IMPLICIT_RETAIN_SELF = YES;
				CLANG_WARN_OBJC_LITERAL_CONVERSION = YES;
				CLANG_WARN_OBJC_ROOT_CLASS = YES_ERROR;
				CLANG_WARN_RANGE_LOOP_ANALYSIS = YES;
				CLANG_WARN_STRICT_PROTOTYPES = YES;
				CLANG_WARN_SUSPICIOUS_MOVE = YES;
				CLANG_WARN_UNGUARDED_AVAILABILITY = YES_AGGRESSIVE;
				CLANG_WARN_UNREACHABLE_CODE = YES;
				CLANG_WARN__DUPLICATE_METHOD_MATCH = YES;
				COPY_PHASE_STRIP = NO;
				DEBUG_INFORMATION_FORMAT = "dwarf-with-dsym";
				ENABLE_NS_ASSERTIONS = NO;
				ENABLE_STRICT_OBJC_MSGSEND = YES;
				GCC_C_LANGUAGE_STANDARD = gnu11;
				GCC_NO_COMMON_BLOCKS = YES;
				GCC_WARN_64_TO_32_BIT_CONVERSION = YES;
				GCC_WARN_ABOUT_RETURN_TYPE = YES_ERROR;
				GCC_WARN_UNDECLARED_SELECTOR = YES;
				GCC_WARN_UNINITIALIZED_AUTOS = YES_AGGRESSIVE;
				GCC_WARN_UNUSED_FUNCTION = YES;
				GCC_WARN_UNUSED_VARIABLE = YES;
				IPHONEOS_DEPLOYMENT_TARGET = 13.5;
				MTL_ENABLE_DEBUG_INFO = NO;
				MTL_FAST_MATH = YES;
				SDKROOT = iphoneos;
				SWIFT_COMPILATION_MODE = wholemodule;
				SWIFT_OPTIMIZATION_LEVEL = "-O";
				VALIDATE_PRODUCT = YES;
			};
			name = Release;
		};
		ECDDD68925C30DF40099F39E /* Debug */ = {
			isa = XCBuildConfiguration;
			buildSettings = {
				ASSETCATALOG_COMPILER_APPICON_NAME = AppIcon;
				CODE_SIGN_STYLE = Automatic;
				DEVELOPMENT_TEAM = T6H8UUL36P;
				INFOPLIST_FILE = FileManagerExtension/Info.plist;
				LD_RUNPATH_SEARCH_PATHS = (
					"$(inherited)",
					"@executable_path/Frameworks",
				);
				PRODUCT_BUNDLE_IDENTIFIER = com.zhenghong..FileManagerExtension;
				PRODUCT_NAME = "$(TARGET_NAME)";
				SWIFT_VERSION = 5.0;
				TARGETED_DEVICE_FAMILY = "1,2";
			};
			name = Debug;
		};
		ECDDD68A25C30DF40099F39E /* Release */ = {
			isa = XCBuildConfiguration;
			buildSettings = {
				ASSETCATALOG_COMPILER_APPICON_NAME = AppIcon;
				CODE_SIGN_STYLE = Automatic;
				DEVELOPMENT_TEAM = T6H8UUL36P;
				INFOPLIST_FILE = FileManagerExtension/Info.plist;
				LD_RUNPATH_SEARCH_PATHS = (
					"$(inherited)",
					"@executable_path/Frameworks",
				);
				PRODUCT_BUNDLE_IDENTIFIER = com.zhenghong..FileManagerExtension;
				PRODUCT_NAME = "$(TARGET_NAME)";
				SWIFT_VERSION = 5.0;
				TARGETED_DEVICE_FAMILY = "1,2";
			};
			name = Release;
		};
/* End XCBuildConfiguration section */

/* Begin XCConfigurationList section */
		ECDDD66F25C30DF30099F39E /* Build configuration list for PBXProject "FileManagerExtension" */ = {
			isa = XCConfigurationList;
			buildConfigurations = (
				ECDDD68625C30DF40099F39E /* Debug */,
				ECDDD68725C30DF40099F39E /* Release */,
			);
			defaultConfigurationIsVisible = 0;
			defaultConfigurationName = Release;
		};
		ECDDD68825C30DF40099F39E /* Build configuration list for PBXNativeTarget "FileManagerExtension" */ = {
			isa = XCConfigurationList;
			buildConfigurations = (
				ECDDD68925C30DF40099F39E /* Debug */,
				ECDDD68A25C30DF40099F39E /* Release */,
			);
			defaultConfigurationIsVisible = 0;
			defaultConfigurationName = Release;
		};
/* End XCConfigurationList section */
	};
	rootObject = ECDDD66C25C30DF20099F39E /* Project object */;
}
